<?xml version="1.0" encoding="utf-8"?>
<Project ToolsVersion="4.0" xmlns="http://schemas.microsoft.com/developer/msbuild/2003">
  <ItemGroup>
    <Filter Include="리소스 파일">
      <UniqueIdentifier>{67DA6AB6-F800-4c08-8B7A-83BB121AAD01}</UniqueIdentifier>
      <Extensions>rc;ico;cur;bmp;dlg;rc2;rct;bin;rgs;gif;jpg;jpeg;jpe;resx;tiff;tif;png;wav;mfcribbon-ms</Extensions>
    </Filter>
    <Filter Include="Utils">
      <UniqueIdentifier>{3a1c0f18-d8e5-4b6d-88bd-058191183ba3}</UniqueIdentifier>
    </Filter>
    <Filter Include="Actor">
      <UniqueIdentifier>{3911d3dd-b382-4fea-8cc6-f2f5439a718a}</UniqueIdentifier>
    </Filter>
    <Filter Include="Scene">
      <UniqueIdentifier>{ec33b308-40a0-4872-83e1-86bf6fcf934a}</UniqueIdentifier>
    </Filter>
    <Filter Include="Manager">
      <UniqueIdentifier>{d007ca03-9605-4439-af53-6c389276cb90}</UniqueIdentifier>
    </Filter>
  </ItemGroup>
  <ItemGroup>
    <ClInclude Include="framework.h">
      <Filter>Utils</Filter>
    </ClInclude>
    <ClInclude Include="Resource.h">
      <Filter>Utils</Filter>
    </ClInclude>
    <ClInclude Include="Shooting.h">
      <Filter>Utils</Filter>
    </ClInclude>
    <ClInclude Include="targetver.h">
      <Filter>Utils</Filter>
    </ClInclude>
    <ClInclude Include="pch.h">
      <Filter>Utils</Filter>
    </ClInclude>
    <ClInclude Include="StartWindow.h">
      <Filter>Utils</Filter>
    </ClInclude>
    <ClInclude Include="GameScene.h">
      <Filter>Scene</Filter>
    </ClInclude>
    <ClInclude Include="Actor.h">
      <Filter>Actor</Filter>
    </ClInclude>
    <ClInclude Include="Pawn.h">
      <Filter>Actor</Filter>
    </ClInclude>
    <ClInclude Include="Player.h">
      <Filter>Actor</Filter>
    </ClInclude>
    <ClInclude Include="Bullet.h">
      <Filter>Actor</Filter>
    </ClInclude>
    <ClInclude Include="BulletManager.h">
      <Filter>Manager</Filter>
    </ClInclude>
    <ClInclude Include="Enemy.h">
      <Filter>Actor</Filter>
    </ClInclude>
    <ClInclude Include="EnemyManager.h">
      <Filter>Manager</Filter>
    </ClInclude>
  </ItemGroup>
  <ItemGroup>
    <ResourceCompile Include="Shooting.rc">
      <Filter>리소스 파일</Filter>
    </ResourceCompile>
  </ItemGroup>
  <ItemGroup>
    <Image Include="small.ico">
      <Filter>리소스 파일</Filter>
    </Image>
    <Image Include="Shooting.ico">
      <Filter>리소스 파일</Filter>
    </Image>
  </ItemGroup>
  <ItemGroup>
    <ClCompile Include="Shooting.cpp">
      <Filter>Utils</Filter>
    </ClCompile>
    <ClCompile Include="pch.cpp">
      <Filter>Utils</Filter>
    </ClCompile>
    <ClCompile Include="StartWindow.cpp">
      <Filter>Utils</Filter>
    </ClCompile>
    <ClCompile Include="GameScene.cpp">
      <Filter>Scene</Filter>
    </ClCompile>
    <ClCompile Include="Actor.cpp">
      <Filter>Actor</Filter>
    </ClCompile>
    <ClCompile Include="Pawn.cpp">
      <Filter>Actor</Filter>
    </ClCompile>
    <ClCompile Include="Player.cpp">
      <Filter>Actor</Filter>
    </ClCompile>
    <ClCompile Include="Bullet.cpp">
      <Filter>Actor</Filter>
    </ClCompile>
    <ClCompile Include="BulletManager.cpp">
      <Filter>Manager</Filter>
    </ClCompile>
    <ClCompile Include="Enemy.cpp">
      <Filter>Actor</Filter>
    </ClCompile>
    <ClCompile Include="EnemyManager.cpp">
      <Filter>Manager</Filter>
    </ClCompile>
  </ItemGroup>
</Project>